// !$*UTF8*$!
{
	archiveVersion = 1;
	classes = {
	};
	objectVersion = 46;
	objects = {

/* Begin PBXBuildFile section */
		330881B61E68913400D1E19C /* AppDelegate.swift in Sources */ = {isa = PBXBuildFile; fileRef = 330881B51E68913400D1E19C /* AppDelegate.swift */; };
		330881B81E68913400D1E19C /* ViewController.swift in Sources */ = {isa = PBXBuildFile; fileRef = 330881B71E68913400D1E19C /* ViewController.swift */; };
		330881BB1E68913400D1E19C /* Main.storyboard in Resources */ = {isa = PBXBuildFile; fileRef = 330881B91E68913400D1E19C /* Main.storyboard */; };
		330881BE1E68913400D1E19C /* LeagueOfStats.xcdatamodeld in Sources */ = {isa = PBXBuildFile; fileRef = 330881BC1E68913400D1E19C /* LeagueOfStats.xcdatamodeld */; };
		330881C01E68913400D1E19C /* Assets.xcassets in Resources */ = {isa = PBXBuildFile; fileRef = 330881BF1E68913400D1E19C /* Assets.xcassets */; };
		330881C31E68913400D1E19C /* LaunchScreen.storyboard in Resources */ = {isa = PBXBuildFile; fileRef = 330881C11E68913400D1E19C /* LaunchScreen.storyboard */; };
		330881CE1E68913400D1E19C /* LeagueOfStatsTests.swift in Sources */ = {isa = PBXBuildFile; fileRef = 330881CD1E68913400D1E19C /* LeagueOfStatsTests.swift */; };
		330881D91E68913400D1E19C /* LeagueOfStatsUITests.swift in Sources */ = {isa = PBXBuildFile; fileRef = 330881D81E68913400D1E19C /* LeagueOfStatsUITests.swift */; };
		330881E71E6891D200D1E19C /* signup_logo2_clean.png in Resources */ = {isa = PBXBuildFile; fileRef = 330881E61E6891D200D1E19C /* signup_logo2_clean.png */; };
		331A1AB01E844D57007D8170 /* TableViewCell.swift in Sources */ = {isa = PBXBuildFile; fileRef = 331A1AAF1E844D57007D8170 /* TableViewCell.swift */; };
		331C93F01E845888005FAA25 /* Personaje.swift in Sources */ = {isa = PBXBuildFile; fileRef = 331C93EF1E845888005FAA25 /* Personaje.swift */; };
		3361C9831E6F3D9E00445149 /* TableViewController.swift in Sources */ = {isa = PBXBuildFile; fileRef = 3361C9821E6F3D9E00445149 /* TableViewController.swift */; };
		3361C9851E6F3DD400445149 /* InfoPartida.swift in Sources */ = {isa = PBXBuildFile; fileRef = 3361C9841E6F3DD400445149 /* InfoPartida.swift */; };
		3361C9871E6F40D500445149 /* Partida.swift in Sources */ = {isa = PBXBuildFile; fileRef = 3361C9861E6F40D500445149 /* Partida.swift */; };
		339694561E78780500476EFC /* 266.png in Resources */ = {isa = PBXBuildFile; fileRef = 339693D01E78780500476EFC /* 266.png */; };
		339694571E78780500476EFC /* 103.png in Resources */ = {isa = PBXBuildFile; fileRef = 339693D11E78780500476EFC /* 103.png */; };
		339694581E78780500476EFC /* 84.png in Resources */ = {isa = PBXBuildFile; fileRef = 339693D21E78780500476EFC /* 84.png */; };
		339694591E78780500476EFC /* 12.png in Resources */ = {isa = PBXBuildFile; fileRef = 339693D31E78780500476EFC /* 12.png */; };
		3396945A1E78780500476EFC /* 32.png in Resources */ = {isa = PBXBuildFile; fileRef = 339693D41E78780500476EFC /* 32.png */; };
		3396945B1E78780500476EFC /* 34.png in Resources */ = {isa = PBXBuildFile; fileRef = 339693D51E78780500476EFC /* 34.png */; };
		3396945C1E78780500476EFC /* 1.png in Resources */ = {isa = PBXBuildFile; fileRef = 339693D61E78780500476EFC /* 1.png */; };
		3396945D1E78780500476EFC /* 22.png in Resources */ = {isa = PBXBuildFile; fileRef = 339693D71E78780500476EFC /* 22.png */; };
		3396945E1E78780500476EFC /* 136.png in Resources */ = {isa = PBXBuildFile; fileRef = 339693D81E78780500476EFC /* 136.png */; };
		3396945F1E78780500476EFC /* 268.png in Resources */ = {isa = PBXBuildFile; fileRef = 339693D91E78780500476EFC /* 268.png */; };
		339694601E78780500476EFC /* 432.png in Resources */ = {isa = PBXBuildFile; fileRef = 339693DA1E78780500476EFC /* 432.png */; };
		339694611E78780500476EFC /* 53.png in Resources */ = {isa = PBXBuildFile; fileRef = 339693DB1E78780500476EFC /* 53.png */; };
		339694621E78780500476EFC /* 63.png in Resources */ = {isa = PBXBuildFile; fileRef = 339693DC1E78780500476EFC /* 63.png */; };
		339694631E78780500476EFC /* 201.png in Resources */ = {isa = PBXBuildFile; fileRef = 339693DD1E78780500476EFC /* 201.png */; };
		339694641E78780500476EFC /* 51.png in Resources */ = {isa = PBXBuildFile; fileRef = 339693DE1E78780500476EFC /* 51.png */; };
		339694651E78780500476EFC /* 164.png in Resources */ = {isa = PBXBuildFile; fileRef = 339693DF1E78780500476EFC /* 164.png */; };
		339694661E78780500476EFC /* 69.png in Resources */ = {isa = PBXBuildFile; fileRef = 339693E01E78780500476EFC /* 69.png */; };
		339694671E78780500476EFC /* 31.png in Resources */ = {isa = PBXBuildFile; fileRef = 339693E11E78780500476EFC /* 31.png */; };
		339694681E78780500476EFC /* 42.png in Resources */ = {isa = PBXBuildFile; fileRef = 339693E21E78780500476EFC /* 42.png */; };
		339694691E78780500476EFC /* 122.png in Resources */ = {isa = PBXBuildFile; fileRef = 339693E31E78780500476EFC /* 122.png */; };
		3396946A1E78780500476EFC /* 131.png in Resources */ = {isa = PBXBuildFile; fileRef = 339693E41E78780500476EFC /* 131.png */; };
		3396946B1E78780500476EFC /* 119.png in Resources */ = {isa = PBXBuildFile; fileRef = 339693E51E78780500476EFC /* 119.png */; };
		3396946C1E78780500476EFC /* 36.png in Resources */ = {isa = PBXBuildFile; fileRef = 339693E61E78780500476EFC /* 36.png */; };
		3396946D1E78780500476EFC /* 245.png in Resources */ = {isa = PBXBuildFile; fileRef = 339693E71E78780500476EFC /* 245.png */; };
		3396946E1E78780500476EFC /* 60.png in Resources */ = {isa = PBXBuildFile; fileRef = 339693E81E78780500476EFC /* 60.png */; };
		3396946F1E78780500476EFC /* 28.png in Resources */ = {isa = PBXBuildFile; fileRef = 339693E91E78780500476EFC /* 28.png */; };
		339694701E78780500476EFC /* 81.png in Resources */ = {isa = PBXBuildFile; fileRef = 339693EA1E78780500476EFC /* 81.png */; };
		339694711E78780500476EFC /* 9.png in Resources */ = {isa = PBXBuildFile; fileRef = 339693EB1E78780500476EFC /* 9.png */; };
		339694721E78780500476EFC /* 114.png in Resources */ = {isa = PBXBuildFile; fileRef = 339693EC1E78780500476EFC /* 114.png */; };
		339694731E78780500476EFC /* 105.png in Resources */ = {isa = PBXBuildFile; fileRef = 339693ED1E78780500476EFC /* 105.png */; };
		339694741E78780500476EFC /* 3.png in Resources */ = {isa = PBXBuildFile; fileRef = 339693EE1E78780500476EFC /* 3.png */; };
		339694751E78780500476EFC /* 41.png in Resources */ = {isa = PBXBuildFile; fileRef = 339693EF1E78780500476EFC /* 41.png */; };
		339694761E78780500476EFC /* 86.png in Resources */ = {isa = PBXBuildFile; fileRef = 339693F01E78780500476EFC /* 86.png */; };
		339694771E78780500476EFC /* 150.png in Resources */ = {isa = PBXBuildFile; fileRef = 339693F11E78780500476EFC /* 150.png */; };
		339694781E78780500476EFC /* 79.png in Resources */ = {isa = PBXBuildFile; fileRef = 339693F21E78780500476EFC /* 79.png */; };
		339694791E78780500476EFC /* 104.png in Resources */ = {isa = PBXBuildFile; fileRef = 339693F31E78780500476EFC /* 104.png */; };
		3396947A1E78780500476EFC /* 120.png in Resources */ = {isa = PBXBuildFile; fileRef = 339693F41E78780500476EFC /* 120.png */; };
		3396947B1E78780500476EFC /* 74.png in Resources */ = {isa = PBXBuildFile; fileRef = 339693F51E78780500476EFC /* 74.png */; };
		3396947C1E78780500476EFC /* 420.png in Resources */ = {isa = PBXBuildFile; fileRef = 339693F61E78780500476EFC /* 420.png */; };
		3396947D1E78780500476EFC /* 39.png in Resources */ = {isa = PBXBuildFile; fileRef = 339693F71E78780500476EFC /* 39.png */; };
		3396947E1E78780500476EFC /* 427.png in Resources */ = {isa = PBXBuildFile; fileRef = 339693F81E78780500476EFC /* 427.png */; };
		3396947F1E78780500476EFC /* 40.png in Resources */ = {isa = PBXBuildFile; fileRef = 339693F91E78780500476EFC /* 40.png */; };
		339694801E78780500476EFC /* 59.png in Resources */ = {isa = PBXBuildFile; fileRef = 339693FA1E78780500476EFC /* 59.png */; };
		339694811E78780500476EFC /* 24.png in Resources */ = {isa = PBXBuildFile; fileRef = 339693FB1E78780500476EFC /* 24.png */; };
		339694821E78780500476EFC /* 126.png in Resources */ = {isa = PBXBuildFile; fileRef = 339693FC1E78780500476EFC /* 126.png */; };
		339694831E78780500476EFC /* 202.png in Resources */ = {isa = PBXBuildFile; fileRef = 339693FD1E78780500476EFC /* 202.png */; };
		339694841E78780500476EFC /* 222.png in Resources */ = {isa = PBXBuildFile; fileRef = 339693FE1E78780500476EFC /* 222.png */; };
		339694851E78780500476EFC /* 429.png in Resources */ = {isa = PBXBuildFile; fileRef = 339693FF1E78780500476EFC /* 429.png */; };
		339694861E78780500476EFC /* 43.png in Resources */ = {isa = PBXBuildFile; fileRef = 339694001E78780500476EFC /* 43.png */; };
		339694871E78780500476EFC /* 30.png in Resources */ = {isa = PBXBuildFile; fileRef = 339694011E78780500476EFC /* 30.png */; };
		339694881E78780500476EFC /* 38.png in Resources */ = {isa = PBXBuildFile; fileRef = 339694021E78780500476EFC /* 38.png */; };
		339694891E78780500476EFC /* 55.png in Resources */ = {isa = PBXBuildFile; fileRef = 339694031E78780500476EFC /* 55.png */; };
		3396948A1E78780500476EFC /* 10.png in Resources */ = {isa = PBXBuildFile; fileRef = 339694041E78780500476EFC /* 10.png */; };
		3396948B1E78780500476EFC /* 85.png in Resources */ = {isa = PBXBuildFile; fileRef = 339694051E78780500476EFC /* 85.png */; };
		3396948C1E78780500476EFC /* 121.png in Resources */ = {isa = PBXBuildFile; fileRef = 339694061E78780500476EFC /* 121.png */; };
		3396948D1E78780500476EFC /* 203.png in Resources */ = {isa = PBXBuildFile; fileRef = 339694071E78780500476EFC /* 203.png */; };
		3396948E1E78780500476EFC /* 240.png in Resources */ = {isa = PBXBuildFile; fileRef = 339694081E78780500476EFC /* 240.png */; };
		3396948F1E78780500476EFC /* 96.png in Resources */ = {isa = PBXBuildFile; fileRef = 339694091E78780500476EFC /* 96.png */; };
		339694901E78780500476EFC /* 7.png in Resources */ = {isa = PBXBuildFile; fileRef = 3396940A1E78780500476EFC /* 7.png */; };
		339694911E78780500476EFC /* 64.png in Resources */ = {isa = PBXBuildFile; fileRef = 3396940B1E78780500476EFC /* 64.png */; };
		339694921E78780500476EFC /* 89.png in Resources */ = {isa = PBXBuildFile; fileRef = 3396940C1E78780500476EFC /* 89.png */; };
		339694931E78780500476EFC /* 127.png in Resources */ = {isa = PBXBuildFile; fileRef = 3396940D1E78780500476EFC /* 127.png */; };
		339694941E78780500476EFC /* 236.png in Resources */ = {isa = PBXBuildFile; fileRef = 3396940E1E78780500476EFC /* 236.png */; };
		339694951E78780500476EFC /* 117.png in Resources */ = {isa = PBXBuildFile; fileRef = 3396940F1E78780500476EFC /* 117.png */; };
		339694961E78780500476EFC /* 99.png in Resources */ = {isa = PBXBuildFile; fileRef = 339694101E78780500476EFC /* 99.png */; };
		339694971E78780500476EFC /* 54.png in Resources */ = {isa = PBXBuildFile; fileRef = 339694111E78780500476EFC /* 54.png */; };
		339694981E78780500476EFC /* 90.png in Resources */ = {isa = PBXBuildFile; fileRef = 339694121E78780500476EFC /* 90.png */; };
		339694991E78780500476EFC /* 57.png in Resources */ = {isa = PBXBuildFile; fileRef = 339694131E78780500476EFC /* 57.png */; };
		3396949A1E78780500476EFC /* 11.png in Resources */ = {isa = PBXBuildFile; fileRef = 339694141E78780500476EFC /* 11.png */; };
		3396949B1E78780500476EFC /* 21.png in Resources */ = {isa = PBXBuildFile; fileRef = 339694151E78780500476EFC /* 21.png */; };
		3396949C1E78780500476EFC /* 82.png in Resources */ = {isa = PBXBuildFile; fileRef = 339694161E78780500476EFC /* 82.png */; };
		3396949D1E78780500476EFC /* 25.png in Resources */ = {isa = PBXBuildFile; fileRef = 339694171E78780500476EFC /* 25.png */; };
		3396949E1E78780500476EFC /* 267.png in Resources */ = {isa = PBXBuildFile; fileRef = 339694181E78780500476EFC /* 267.png */; };
		3396949F1E78780500476EFC /* 75.png in Resources */ = {isa = PBXBuildFile; fileRef = 339694191E78780500476EFC /* 75.png */; };
		339694A01E78780500476EFC /* 111.png in Resources */ = {isa = PBXBuildFile; fileRef = 3396941A1E78780500476EFC /* 111.png */; };
		339694A11E78780500476EFC /* 76.png in Resources */ = {isa = PBXBuildFile; fileRef = 3396941B1E78780500476EFC /* 76.png */; };
		339694A21E78780500476EFC /* 56.png in Resources */ = {isa = PBXBuildFile; fileRef = 3396941C1E78780500476EFC /* 56.png */; };
		339694A31E78780500476EFC /* 20.png in Resources */ = {isa = PBXBuildFile; fileRef = 3396941D1E78780500476EFC /* 20.png */; };
		339694A41E78780500476EFC /* 2.png in Resources */ = {isa = PBXBuildFile; fileRef = 3396941E1E78780500476EFC /* 2.png */; };
		339694A51E78780500476EFC /* 61.png in Resources */ = {isa = PBXBuildFile; fileRef = 3396941F1E78780500476EFC /* 61.png */; };
		339694A61E78780500476EFC /* 80.png in Resources */ = {isa = PBXBuildFile; fileRef = 339694201E78780500476EFC /* 80.png */; };
		339694A71E78780500476EFC /* 78.png in Resources */ = {isa = PBXBuildFile; fileRef = 339694211E78780500476EFC /* 78.png */; };
		339694A81E78780500476EFC /* 133.png in Resources */ = {isa = PBXBuildFile; fileRef = 339694221E78780500476EFC /* 133.png */; };
		339694A91E78780500476EFC /* 33.png in Resources */ = {isa = PBXBuildFile; fileRef = 339694231E78780500476EFC /* 33.png */; };
		339694AA1E78780500476EFC /* 421.png in Resources */ = {isa = PBXBuildFile; fileRef = 339694241E78780500476EFC /* 421.png */; };
		339694AB1E78780500476EFC /* 58.png in Resources */ = {isa = PBXBuildFile; fileRef = 339694251E78780500476EFC /* 58.png */; };
		339694AC1E78780500476EFC /* 107.png in Resources */ = {isa = PBXBuildFile; fileRef = 339694261E78780500476EFC /* 107.png */; };
		339694AD1E78780500476EFC /* 92.png in Resources */ = {isa = PBXBuildFile; fileRef = 339694271E78780500476EFC /* 92.png */; };
		339694AE1E78780500476EFC /* 68.png in Resources */ = {isa = PBXBuildFile; fileRef = 339694281E78780500476EFC /* 68.png */; };
		339694AF1E78780500476EFC /* 13.png in Resources */ = {isa = PBXBuildFile; fileRef = 339694291E78780500476EFC /* 13.png */; };
		339694B01E78780500476EFC /* 113.png in Resources */ = {isa = PBXBuildFile; fileRef = 3396942A1E78780500476EFC /* 113.png */; };
		339694B11E78780500476EFC /* 35.png in Resources */ = {isa = PBXBuildFile; fileRef = 3396942B1E78780500476EFC /* 35.png */; };
		339694B21E78780500476EFC /* 98.png in Resources */ = {isa = PBXBuildFile; fileRef = 3396942C1E78780500476EFC /* 98.png */; };
		339694B31E78780500476EFC /* 102.png in Resources */ = {isa = PBXBuildFile; fileRef = 3396942D1E78780500476EFC /* 102.png */; };
		339694B41E78780500476EFC /* 27.png in Resources */ = {isa = PBXBuildFile; fileRef = 3396942E1E78780500476EFC /* 27.png */; };
		339694B51E78780500476EFC /* 14.png in Resources */ = {isa = PBXBuildFile; fileRef = 3396942F1E78780500476EFC /* 14.png */; };
		339694B61E78780500476EFC /* 15.png in Resources */ = {isa = PBXBuildFile; fileRef = 339694301E78780500476EFC /* 15.png */; };
		339694B71E78780500476EFC /* 72.png in Resources */ = {isa = PBXBuildFile; fileRef = 339694311E78780500476EFC /* 72.png */; };
		339694B81E78780500476EFC /* 37.png in Resources */ = {isa = PBXBuildFile; fileRef = 339694321E78780500476EFC /* 37.png */; };
		339694B91E78780500476EFC /* 16.png in Resources */ = {isa = PBXBuildFile; fileRef = 339694331E78780500476EFC /* 16.png */; };
		339694BA1E78780500476EFC /* 50.png in Resources */ = {isa = PBXBuildFile; fileRef = 339694341E78780500476EFC /* 50.png */; };
		339694BB1E78780500476EFC /* 134.png in Resources */ = {isa = PBXBuildFile; fileRef = 339694351E78780500476EFC /* 134.png */; };
		339694BC1E78780500476EFC /* 223.png in Resources */ = {isa = PBXBuildFile; fileRef = 339694361E78780500476EFC /* 223.png */; };
		339694BD1E78780500476EFC /* 163.png in Resources */ = {isa = PBXBuildFile; fileRef = 339694371E78780500476EFC /* 163.png */; };
		339694BE1E78780500476EFC /* 91.png in Resources */ = {isa = PBXBuildFile; fileRef = 339694381E78780500476EFC /* 91.png */; };
		339694BF1E78780500476EFC /* 44.png in Resources */ = {isa = PBXBuildFile; fileRef = 339694391E78780500476EFC /* 44.png */; };
		339694C01E78780500476EFC /* 17.png in Resources */ = {isa = PBXBuildFile; fileRef = 3396943A1E78780500476EFC /* 17.png */; };
		339694C11E78780500476EFC /* 412.png in Resources */ = {isa = PBXBuildFile; fileRef = 3396943B1E78780500476EFC /* 412.png */; };
		339694C21E78780500476EFC /* 18.png in Resources */ = {isa = PBXBuildFile; fileRef = 3396943C1E78780500476EFC /* 18.png */; };
		339694C31E78780500476EFC /* 48.png in Resources */ = {isa = PBXBuildFile; fileRef = 3396943D1E78780500476EFC /* 48.png */; };
		339694C41E78780500476EFC /* 23.png in Resources */ = {isa = PBXBuildFile; fileRef = 3396943E1E78780500476EFC /* 23.png */; };
		339694C51E78780500476EFC /* 4.png in Resources */ = {isa = PBXBuildFile; fileRef = 3396943F1E78780500476EFC /* 4.png */; };
		339694C61E78780500476EFC /* 29.png in Resources */ = {isa = PBXBuildFile; fileRef = 339694401E78780500476EFC /* 29.png */; };
		339694C71E78780500476EFC /* 77.png in Resources */ = {isa = PBXBuildFile; fileRef = 339694411E78780500476EFC /* 77.png */; };
		339694C81E78780500476EFC /* 6.png in Resources */ = {isa = PBXBuildFile; fileRef = 339694421E78780500476EFC /* 6.png */; };
		339694C91E78780500476EFC /* 110.png in Resources */ = {isa = PBXBuildFile; fileRef = 339694431E78780500476EFC /* 110.png */; };
		339694CA1E78780500476EFC /* 67.png in Resources */ = {isa = PBXBuildFile; fileRef = 339694441E78780500476EFC /* 67.png */; };
		339694CB1E78780500476EFC /* 45.png in Resources */ = {isa = PBXBuildFile; fileRef = 339694451E78780500476EFC /* 45.png */; };
		339694CC1E78780500476EFC /* 161.png in Resources */ = {isa = PBXBuildFile; fileRef = 339694461E78780500476EFC /* 161.png */; };
		339694CD1E78780500476EFC /* 254.png in Resources */ = {isa = PBXBuildFile; fileRef = 339694471E78780500476EFC /* 254.png */; };
		339694CE1E78780500476EFC /* 112.png in Resources */ = {isa = PBXBuildFile; fileRef = 339694481E78780500476EFC /* 112.png */; };
		339694CF1E78780500476EFC /* 8.png in Resources */ = {isa = PBXBuildFile; fileRef = 339694491E78780500476EFC /* 8.png */; };
		339694D01E78780500476EFC /* 106.png in Resources */ = {isa = PBXBuildFile; fileRef = 3396944A1E78780500476EFC /* 106.png */; };
		339694D11E78780500476EFC /* 19.png in Resources */ = {isa = PBXBuildFile; fileRef = 3396944B1E78780500476EFC /* 19.png */; };
		339694D21E78780500476EFC /* 62.png in Resources */ = {isa = PBXBuildFile; fileRef = 3396944C1E78780500476EFC /* 62.png */; };
		339694D31E78780500476EFC /* 101.png in Resources */ = {isa = PBXBuildFile; fileRef = 3396944D1E78780500476EFC /* 101.png */; };
		339694D41E78780500476EFC /* 5.png in Resources */ = {isa = PBXBuildFile; fileRef = 3396944E1E78780500476EFC /* 5.png */; };
		339694D51E78780500476EFC /* 157.png in Resources */ = {isa = PBXBuildFile; fileRef = 3396944F1E78780500476EFC /* 157.png */; };
		339694D61E78780500476EFC /* 83.png in Resources */ = {isa = PBXBuildFile; fileRef = 339694501E78780500476EFC /* 83.png */; };
		339694D71E78780500476EFC /* 154.png in Resources */ = {isa = PBXBuildFile; fileRef = 339694511E78780500476EFC /* 154.png */; };
		339694D81E78780500476EFC /* 238.png in Resources */ = {isa = PBXBuildFile; fileRef = 339694521E78780500476EFC /* 238.png */; };
		339694D91E78780500476EFC /* 115.png in Resources */ = {isa = PBXBuildFile; fileRef = 339694531E78780500476EFC /* 115.png */; };
		339694DA1E78780500476EFC /* 26.png in Resources */ = {isa = PBXBuildFile; fileRef = 339694541E78780500476EFC /* 26.png */; };
		339694DB1E78780500476EFC /* 143.png in Resources */ = {isa = PBXBuildFile; fileRef = 339694551E78780500476EFC /* 143.png */; };
		339A975E1E8EC2F8007A5236 /* imagedata.png in Resources */ = {isa = PBXBuildFile; fileRef = 339A975D1E8EC2F8007A5236 /* imagedata.png */; };
		339A97601E8EC6F8007A5236 /* celda.png in Resources */ = {isa = PBXBuildFile; fileRef = 339A975F1E8EC6F8007A5236 /* celda.png */; };
/* End PBXBuildFile section */

/* Begin PBXContainerItemProxy section */
		330881CA1E68913400D1E19C /* PBXContainerItemProxy */ = {
			isa = PBXContainerItemProxy;
			containerPortal = 330881AA1E68913400D1E19C /* Project object */;
			proxyType = 1;
			remoteGlobalIDString = 330881B11E68913400D1E19C;
			remoteInfo = LeagueOfStats;
		};
		330881D51E68913400D1E19C /* PBXContainerItemProxy */ = {
			isa = PBXContainerItemProxy;
			containerPortal = 330881AA1E68913400D1E19C /* Project object */;
			proxyType = 1;
			remoteGlobalIDString = 330881B11E68913400D1E19C;
			remoteInfo = LeagueOfStats;
		};
/* End PBXContainerItemProxy section */

/* Begin PBXFileReference section */
		330881B21E68913400D1E19C /* LeagueOfStats.app */ = {isa = PBXFileReference; explicitFileType = wrapper.application; includeInIndex = 0; path = LeagueOfStats.app; sourceTree = BUILT_PRODUCTS_DIR; };
		330881B51E68913400D1E19C /* AppDelegate.swift */ = {isa = PBXFileReference; lastKnownFileType = sourcecode.swift; path = AppDelegate.swift; sourceTree = "<group>"; };
		330881B71E68913400D1E19C /* ViewController.swift */ = {isa = PBXFileReference; lastKnownFileType = sourcecode.swift; path = ViewController.swift; sourceTree = "<group>"; };
		330881BA1E68913400D1E19C /* Base */ = {isa = PBXFileReference; lastKnownFileType = file.storyboard; name = Base; path = Base.lproj/Main.storyboard; sourceTree = "<group>"; };
		330881BD1E68913400D1E19C /* LeagueOfStats.xcdatamodel */ = {isa = PBXFileReference; lastKnownFileType = wrapper.xcdatamodel; path = LeagueOfStats.xcdatamodel; sourceTree = "<group>"; };
		330881BF1E68913400D1E19C /* Assets.xcassets */ = {isa = PBXFileReference; lastKnownFileType = folder.assetcatalog; path = Assets.xcassets; sourceTree = "<group>"; };
		330881C21E68913400D1E19C /* Base */ = {isa = PBXFileReference; lastKnownFileType = file.storyboard; name = Base; path = Base.lproj/LaunchScreen.storyboard; sourceTree = "<group>"; };
		330881C41E68913400D1E19C /* Info.plist */ = {isa = PBXFileReference; lastKnownFileType = text.plist.xml; path = Info.plist; sourceTree = "<group>"; };
		330881C91E68913400D1E19C /* LeagueOfStatsTests.xctest */ = {isa = PBXFileReference; explicitFileType = wrapper.cfbundle; includeInIndex = 0; path = LeagueOfStatsTests.xctest; sourceTree = BUILT_PRODUCTS_DIR; };
		330881CD1E68913400D1E19C /* LeagueOfStatsTests.swift */ = {isa = PBXFileReference; lastKnownFileType = sourcecode.swift; path = LeagueOfStatsTests.swift; sourceTree = "<group>"; };
		330881CF1E68913400D1E19C /* Info.plist */ = {isa = PBXFileReference; lastKnownFileType = text.plist.xml; path = Info.plist; sourceTree = "<group>"; };
		330881D41E68913400D1E19C /* LeagueOfStatsUITests.xctest */ = {isa = PBXFileReference; explicitFileType = wrapper.cfbundle; includeInIndex = 0; path = LeagueOfStatsUITests.xctest; sourceTree = BUILT_PRODUCTS_DIR; };
		330881D81E68913400D1E19C /* LeagueOfStatsUITests.swift */ = {isa = PBXFileReference; lastKnownFileType = sourcecode.swift; path = LeagueOfStatsUITests.swift; sourceTree = "<group>"; };
		330881DA1E68913400D1E19C /* Info.plist */ = {isa = PBXFileReference; lastKnownFileType = text.plist.xml; path = Info.plist; sourceTree = "<group>"; };
		330881E61E6891D200D1E19C /* signup_logo2_clean.png */ = {isa = PBXFileReference; lastKnownFileType = image.png; path = signup_logo2_clean.png; sourceTree = "<group>"; };
		331A1AAF1E844D57007D8170 /* TableViewCell.swift */ = {isa = PBXFileReference; fileEncoding = 4; lastKnownFileType = sourcecode.swift; path = TableViewCell.swift; sourceTree = "<group>"; };
		331C93EF1E845888005FAA25 /* Personaje.swift */ = {isa = PBXFileReference; fileEncoding = 4; lastKnownFileType = sourcecode.swift; path = Personaje.swift; sourceTree = "<group>"; };
		3361C9821E6F3D9E00445149 /* TableViewController.swift */ = {isa = PBXFileReference; fileEncoding = 4; lastKnownFileType = sourcecode.swift; path = TableViewController.swift; sourceTree = "<group>"; };
		3361C9841E6F3DD400445149 /* InfoPartida.swift */ = {isa = PBXFileReference; fileEncoding = 4; lastKnownFileType = sourcecode.swift; path = InfoPartida.swift; sourceTree = "<group>"; };
		3361C9861E6F40D500445149 /* Partida.swift */ = {isa = PBXFileReference; fileEncoding = 4; lastKnownFileType = sourcecode.swift; path = Partida.swift; sourceTree = "<group>"; };
		339693D01E78780500476EFC /* 266.png */ = {isa = PBXFileReference; lastKnownFileType = image.png; path = 266.png; sourceTree = "<group>"; };
		339693D11E78780500476EFC /* 103.png */ = {isa = PBXFileReference; lastKnownFileType = image.png; path = 103.png; sourceTree = "<group>"; };
		339693D21E78780500476EFC /* 84.png */ = {isa = PBXFileReference; lastKnownFileType = image.png; path = 84.png; sourceTree = "<group>"; };
		339693D31E78780500476EFC /* 12.png */ = {isa = PBXFileReference; lastKnownFileType = image.png; path = 12.png; sourceTree = "<group>"; };
		339693D41E78780500476EFC /* 32.png */ = {isa = PBXFileReference; lastKnownFileType = image.png; path = 32.png; sourceTree = "<group>"; };
		339693D51E78780500476EFC /* 34.png */ = {isa = PBXFileReference; lastKnownFileType = image.png; path = 34.png; sourceTree = "<group>"; };
		339693D61E78780500476EFC /* 1.png */ = {isa = PBXFileReference; lastKnownFileType = image.png; path = 1.png; sourceTree = "<group>"; };
		339693D71E78780500476EFC /* 22.png */ = {isa = PBXFileReference; lastKnownFileType = image.png; path = 22.png; sourceTree = "<group>"; };
		339693D81E78780500476EFC /* 136.png */ = {isa = PBXFileReference; lastKnownFileType = image.png; path = 136.png; sourceTree = "<group>"; };
		339693D91E78780500476EFC /* 268.png */ = {isa = PBXFileReference; lastKnownFileType = image.png; path = 268.png; sourceTree = "<group>"; };
		339693DA1E78780500476EFC /* 432.png */ = {isa = PBXFileReference; lastKnownFileType = image.png; path = 432.png; sourceTree = "<group>"; };
		339693DB1E78780500476EFC /* 53.png */ = {isa = PBXFileReference; lastKnownFileType = image.png; path = 53.png; sourceTree = "<group>"; };
		339693DC1E78780500476EFC /* 63.png */ = {isa = PBXFileReference; lastKnownFileType = image.png; path = 63.png; sourceTree = "<group>"; };
		339693DD1E78780500476EFC /* 201.png */ = {isa = PBXFileReference; lastKnownFileType = image.png; path = 201.png; sourceTree = "<group>"; };
		339693DE1E78780500476EFC /* 51.png */ = {isa = PBXFileReference; lastKnownFileType = image.png; path = 51.png; sourceTree = "<group>"; };
		339693DF1E78780500476EFC /* 164.png */ = {isa = PBXFileReference; lastKnownFileType = image.png; path = 164.png; sourceTree = "<group>"; };
		339693E01E78780500476EFC /* 69.png */ = {isa = PBXFileReference; lastKnownFileType = image.png; path = 69.png; sourceTree = "<group>"; };
		339693E11E78780500476EFC /* 31.png */ = {isa = PBXFileReference; lastKnownFileType = image.png; path = 31.png; sourceTree = "<group>"; };
		339693E21E78780500476EFC /* 42.png */ = {isa = PBXFileReference; lastKnownFileType = image.png; path = 42.png; sourceTree = "<group>"; };
		339693E31E78780500476EFC /* 122.png */ = {isa = PBXFileReference; lastKnownFileType = image.png; path = 122.png; sourceTree = "<group>"; };
		339693E41E78780500476EFC /* 131.png */ = {isa = PBXFileReference; lastKnownFileType = image.png; path = 131.png; sourceTree = "<group>"; };
		339693E51E78780500476EFC /* 119.png */ = {isa = PBXFileReference; lastKnownFileType = image.png; path = 119.png; sourceTree = "<group>"; };
		339693E61E78780500476EFC /* 36.png */ = {isa = PBXFileReference; lastKnownFileType = image.png; path = 36.png; sourceTree = "<group>"; };
		339693E71E78780500476EFC /* 245.png */ = {isa = PBXFileReference; lastKnownFileType = image.png; path = 245.png; sourceTree = "<group>"; };
		339693E81E78780500476EFC /* 60.png */ = {isa = PBXFileReference; lastKnownFileType = image.png; path = 60.png; sourceTree = "<group>"; };
		339693E91E78780500476EFC /* 28.png */ = {isa = PBXFileReference; lastKnownFileType = image.png; path = 28.png; sourceTree = "<group>"; };
		339693EA1E78780500476EFC /* 81.png */ = {isa = PBXFileReference; lastKnownFileType = image.png; path = 81.png; sourceTree = "<group>"; };
		339693EB1E78780500476EFC /* 9.png */ = {isa = PBXFileReference; lastKnownFileType = image.png; path = 9.png; sourceTree = "<group>"; };
		339693EC1E78780500476EFC /* 114.png */ = {isa = PBXFileReference; lastKnownFileType = image.png; path = 114.png; sourceTree = "<group>"; };
		339693ED1E78780500476EFC /* 105.png */ = {isa = PBXFileReference; lastKnownFileType = image.png; path = 105.png; sourceTree = "<group>"; };
		339693EE1E78780500476EFC /* 3.png */ = {isa = PBXFileReference; lastKnownFileType = image.png; path = 3.png; sourceTree = "<group>"; };
		339693EF1E78780500476EFC /* 41.png */ = {isa = PBXFileReference; lastKnownFileType = image.png; path = 41.png; sourceTree = "<group>"; };
		339693F01E78780500476EFC /* 86.png */ = {isa = PBXFileReference; lastKnownFileType = image.png; path = 86.png; sourceTree = "<group>"; };
		339693F11E78780500476EFC /* 150.png */ = {isa = PBXFileReference; lastKnownFileType = image.png; path = 150.png; sourceTree = "<group>"; };
		339693F21E78780500476EFC /* 79.png */ = {isa = PBXFileReference; lastKnownFileType = image.png; path = 79.png; sourceTree = "<group>"; };
		339693F31E78780500476EFC /* 104.png */ = {isa = PBXFileReference; lastKnownFileType = image.png; path = 104.png; sourceTree = "<group>"; };
		339693F41E78780500476EFC /* 120.png */ = {isa = PBXFileReference; lastKnownFileType = image.png; path = 120.png; sourceTree = "<group>"; };
		339693F51E78780500476EFC /* 74.png */ = {isa = PBXFileReference; lastKnownFileType = image.png; path = 74.png; sourceTree = "<group>"; };
		339693F61E78780500476EFC /* 420.png */ = {isa = PBXFileReference; lastKnownFileType = image.png; path = 420.png; sourceTree = "<group>"; };
		339693F71E78780500476EFC /* 39.png */ = {isa = PBXFileReference; lastKnownFileType = image.png; path = 39.png; sourceTree = "<group>"; };
		339693F81E78780500476EFC /* 427.png */ = {isa = PBXFileReference; lastKnownFileType = image.png; path = 427.png; sourceTree = "<group>"; };
		339693F91E78780500476EFC /* 40.png */ = {isa = PBXFileReference; lastKnownFileType = image.png; path = 40.png; sourceTree = "<group>"; };
		339693FA1E78780500476EFC /* 59.png */ = {isa = PBXFileReference; lastKnownFileType = image.png; path = 59.png; sourceTree = "<group>"; };
		339693FB1E78780500476EFC /* 24.png */ = {isa = PBXFileReference; lastKnownFileType = image.png; path = 24.png; sourceTree = "<group>"; };
		339693FC1E78780500476EFC /* 126.png */ = {isa = PBXFileReference; lastKnownFileType = image.png; path = 126.png; sourceTree = "<group>"; };
		339693FD1E78780500476EFC /* 202.png */ = {isa = PBXFileReference; lastKnownFileType = image.png; path = 202.png; sourceTree = "<group>"; };
		339693FE1E78780500476EFC /* 222.png */ = {isa = PBXFileReference; lastKnownFileType = image.png; path = 222.png; sourceTree = "<group>"; };
		339693FF1E78780500476EFC /* 429.png */ = {isa = PBXFileReference; lastKnownFileType = image.png; path = 429.png; sourceTree = "<group>"; };
		339694001E78780500476EFC /* 43.png */ = {isa = PBXFileReference; lastKnownFileType = image.png; path = 43.png; sourceTree = "<group>"; };
		339694011E78780500476EFC /* 30.png */ = {isa = PBXFileReference; lastKnownFileType = image.png; path = 30.png; sourceTree = "<group>"; };
		339694021E78780500476EFC /* 38.png */ = {isa = PBXFileReference; lastKnownFileType = image.png; path = 38.png; sourceTree = "<group>"; };
		339694031E78780500476EFC /* 55.png */ = {isa = PBXFileReference; lastKnownFileType = image.png; path = 55.png; sourceTree = "<group>"; };
		339694041E78780500476EFC /* 10.png */ = {isa = PBXFileReference; lastKnownFileType = image.png; path = 10.png; sourceTree = "<group>"; };
		339694051E78780500476EFC /* 85.png */ = {isa = PBXFileReference; lastKnownFileType = image.png; path = 85.png; sourceTree = "<group>"; };
		339694061E78780500476EFC /* 121.png */ = {isa = PBXFileReference; lastKnownFileType = image.png; path = 121.png; sourceTree = "<group>"; };
		339694071E78780500476EFC /* 203.png */ = {isa = PBXFileReference; lastKnownFileType = image.png; path = 203.png; sourceTree = "<group>"; };
		339694081E78780500476EFC /* 240.png */ = {isa = PBXFileReference; lastKnownFileType = image.png; path = 240.png; sourceTree = "<group>"; };
		339694091E78780500476EFC /* 96.png */ = {isa = PBXFileReference; lastKnownFileType = image.png; path = 96.png; sourceTree = "<group>"; };
		3396940A1E78780500476EFC /* 7.png */ = {isa = PBXFileReference; lastKnownFileType = image.png; path = 7.png; sourceTree = "<group>"; };
		3396940B1E78780500476EFC /* 64.png */ = {isa = PBXFileReference; lastKnownFileType = image.png; path = 64.png; sourceTree = "<group>"; };
		3396940C1E78780500476EFC /* 89.png */ = {isa = PBXFileReference; lastKnownFileType = image.png; path = 89.png; sourceTree = "<group>"; };
		3396940D1E78780500476EFC /* 127.png */ = {isa = PBXFileReference; lastKnownFileType = image.png; path = 127.png; sourceTree = "<group>"; };
		3396940E1E78780500476EFC /* 236.png */ = {isa = PBXFileReference; lastKnownFileType = image.png; path = 236.png; sourceTree = "<group>"; };
		3396940F1E78780500476EFC /* 117.png */ = {isa = PBXFileReference; lastKnownFileType = image.png; path = 117.png; sourceTree = "<group>"; };
		339694101E78780500476EFC /* 99.png */ = {isa = PBXFileReference; lastKnownFileType = image.png; path = 99.png; sourceTree = "<group>"; };
		339694111E78780500476EFC /* 54.png */ = {isa = PBXFileReference; lastKnownFileType = image.png; path = 54.png; sourceTree = "<group>"; };
		339694121E78780500476EFC /* 90.png */ = {isa = PBXFileReference; lastKnownFileType = image.png; path = 90.png; sourceTree = "<group>"; };
		339694131E78780500476EFC /* 57.png */ = {isa = PBXFileReference; lastKnownFileType = image.png; path = 57.png; sourceTree = "<group>"; };
		339694141E78780500476EFC /* 11.png */ = {isa = PBXFileReference; lastKnownFileType = image.png; path = 11.png; sourceTree = "<group>"; };
		339694151E78780500476EFC /* 21.png */ = {isa = PBXFileReference; lastKnownFileType = image.png; path = 21.png; sourceTree = "<group>"; };
		339694161E78780500476EFC /* 82.png */ = {isa = PBXFileReference; lastKnownFileType = image.png; path = 82.png; sourceTree = "<group>"; };
		339694171E78780500476EFC /* 25.png */ = {isa = PBXFileReference; lastKnownFileType = image.png; path = 25.png; sourceTree = "<group>"; };
		339694181E78780500476EFC /* 267.png */ = {isa = PBXFileReference; lastKnownFileType = image.png; path = 267.png; sourceTree = "<group>"; };
		339694191E78780500476EFC /* 75.png */ = {isa = PBXFileReference; lastKnownFileType = image.png; path = 75.png; sourceTree = "<group>"; };
		3396941A1E78780500476EFC /* 111.png */ = {isa = PBXFileReference; lastKnownFileType = image.png; path = 111.png; sourceTree = "<group>"; };
		3396941B1E78780500476EFC /* 76.png */ = {isa = PBXFileReference; lastKnownFileType = image.png; path = 76.png; sourceTree = "<group>"; };
		3396941C1E78780500476EFC /* 56.png */ = {isa = PBXFileReference; lastKnownFileType = image.png; path = 56.png; sourceTree = "<group>"; };
		3396941D1E78780500476EFC /* 20.png */ = {isa = PBXFileReference; lastKnownFileType = image.png; path = 20.png; sourceTree = "<group>"; };
		3396941E1E78780500476EFC /* 2.png */ = {isa = PBXFileReference; lastKnownFileType = image.png; path = 2.png; sourceTree = "<group>"; };
		3396941F1E78780500476EFC /* 61.png */ = {isa = PBXFileReference; lastKnownFileType = image.png; path = 61.png; sourceTree = "<group>"; };
		339694201E78780500476EFC /* 80.png */ = {isa = PBXFileReference; lastKnownFileType = image.png; path = 80.png; sourceTree = "<group>"; };
		339694211E78780500476EFC /* 78.png */ = {isa = PBXFileReference; lastKnownFileType = image.png; path = 78.png; sourceTree = "<group>"; };
		339694221E78780500476EFC /* 133.png */ = {isa = PBXFileReference; lastKnownFileType = image.png; path = 133.png; sourceTree = "<group>"; };
		339694231E78780500476EFC /* 33.png */ = {isa = PBXFileReference; lastKnownFileType = image.png; path = 33.png; sourceTree = "<group>"; };
		339694241E78780500476EFC /* 421.png */ = {isa = PBXFileReference; lastKnownFileType = image.png; path = 421.png; sourceTree = "<group>"; };
		339694251E78780500476EFC /* 58.png */ = {isa = PBXFileReference; lastKnownFileType = image.png; path = 58.png; sourceTree = "<group>"; };
		339694261E78780500476EFC /* 107.png */ = {isa = PBXFileReference; lastKnownFileType = image.png; path = 107.png; sourceTree = "<group>"; };
		339694271E78780500476EFC /* 92.png */ = {isa = PBXFileReference; lastKnownFileType = image.png; path = 92.png; sourceTree = "<group>"; };
		339694281E78780500476EFC /* 68.png */ = {isa = PBXFileReference; lastKnownFileType = image.png; path = 68.png; sourceTree = "<group>"; };
		339694291E78780500476EFC /* 13.png */ = {isa = PBXFileReference; lastKnownFileType = image.png; path = 13.png; sourceTree = "<group>"; };
		3396942A1E78780500476EFC /* 113.png */ = {isa = PBXFileReference; lastKnownFileType = image.png; path = 113.png; sourceTree = "<group>"; };
		3396942B1E78780500476EFC /* 35.png */ = {isa = PBXFileReference; lastKnownFileType = image.png; path = 35.png; sourceTree = "<group>"; };
		3396942C1E78780500476EFC /* 98.png */ = {isa = PBXFileReference; lastKnownFileType = image.png; path = 98.png; sourceTree = "<group>"; };
		3396942D1E78780500476EFC /* 102.png */ = {isa = PBXFileReference; lastKnownFileType = image.png; path = 102.png; sourceTree = "<group>"; };
		3396942E1E78780500476EFC /* 27.png */ = {isa = PBXFileReference; lastKnownFileType = image.png; path = 27.png; sourceTree = "<group>"; };
		3396942F1E78780500476EFC /* 14.png */ = {isa = PBXFileReference; lastKnownFileType = image.png; path = 14.png; sourceTree = "<group>"; };
		339694301E78780500476EFC /* 15.png */ = {isa = PBXFileReference; lastKnownFileType = image.png; path = 15.png; sourceTree = "<group>"; };
		339694311E78780500476EFC /* 72.png */ = {isa = PBXFileReference; lastKnownFileType = image.png; path = 72.png; sourceTree = "<group>"; };
		339694321E78780500476EFC /* 37.png */ = {isa = PBXFileReference; lastKnownFileType = image.png; path = 37.png; sourceTree = "<group>"; };
		339694331E78780500476EFC /* 16.png */ = {isa = PBXFileReference; lastKnownFileType = image.png; path = 16.png; sourceTree = "<group>"; };
		339694341E78780500476EFC /* 50.png */ = {isa = PBXFileReference; lastKnownFileType = image.png; path = 50.png; sourceTree = "<group>"; };
		339694351E78780500476EFC /* 134.png */ = {isa = PBXFileReference; lastKnownFileType = image.png; path = 134.png; sourceTree = "<group>"; };
		339694361E78780500476EFC /* 223.png */ = {isa = PBXFileReference; lastKnownFileType = image.png; path = 223.png; sourceTree = "<group>"; };
		339694371E78780500476EFC /* 163.png */ = {isa = PBXFileReference; lastKnownFileType = image.png; path = 163.png; sourceTree = "<group>"; };
		339694381E78780500476EFC /* 91.png */ = {isa = PBXFileReference; lastKnownFileType = image.png; path = 91.png; sourceTree = "<group>"; };
		339694391E78780500476EFC /* 44.png */ = {isa = PBXFileReference; lastKnownFileType = image.png; path = 44.png; sourceTree = "<group>"; };
		3396943A1E78780500476EFC /* 17.png */ = {isa = PBXFileReference; lastKnownFileType = image.png; path = 17.png; sourceTree = "<group>"; };
		3396943B1E78780500476EFC /* 412.png */ = {isa = PBXFileReference; lastKnownFileType = image.png; path = 412.png; sourceTree = "<group>"; };
		3396943C1E78780500476EFC /* 18.png */ = {isa = PBXFileReference; lastKnownFileType = image.png; path = 18.png; sourceTree = "<group>"; };
		3396943D1E78780500476EFC /* 48.png */ = {isa = PBXFileReference; lastKnownFileType = image.png; path = 48.png; sourceTree = "<group>"; };
		3396943E1E78780500476EFC /* 23.png */ = {isa = PBXFileReference; lastKnownFileType = image.png; path = 23.png; sourceTree = "<group>"; };
		3396943F1E78780500476EFC /* 4.png */ = {isa = PBXFileReference; lastKnownFileType = image.png; path = 4.png; sourceTree = "<group>"; };
		339694401E78780500476EFC /* 29.png */ = {isa = PBXFileReference; lastKnownFileType = image.png; path = 29.png; sourceTree = "<group>"; };
		339694411E78780500476EFC /* 77.png */ = {isa = PBXFileReference; lastKnownFileType = image.png; path = 77.png; sourceTree = "<group>"; };
		339694421E78780500476EFC /* 6.png */ = {isa = PBXFileReference; lastKnownFileType = image.png; path = 6.png; sourceTree = "<group>"; };
		339694431E78780500476EFC /* 110.png */ = {isa = PBXFileReference; lastKnownFileType = image.png; path = 110.png; sourceTree = "<group>"; };
		339694441E78780500476EFC /* 67.png */ = {isa = PBXFileReference; lastKnownFileType = image.png; path = 67.png; sourceTree = "<group>"; };
		339694451E78780500476EFC /* 45.png */ = {isa = PBXFileReference; lastKnownFileType = image.png; path = 45.png; sourceTree = "<group>"; };
		339694461E78780500476EFC /* 161.png */ = {isa = PBXFileReference; lastKnownFileType = image.png; path = 161.png; sourceTree = "<group>"; };
		339694471E78780500476EFC /* 254.png */ = {isa = PBXFileReference; lastKnownFileType = image.png; path = 254.png; sourceTree = "<group>"; };
		339694481E78780500476EFC /* 112.png */ = {isa = PBXFileReference; lastKnownFileType = image.png; path = 112.png; sourceTree = "<group>"; };
		339694491E78780500476EFC /* 8.png */ = {isa = PBXFileReference; lastKnownFileType = image.png; path = 8.png; sourceTree = "<group>"; };
		3396944A1E78780500476EFC /* 106.png */ = {isa = PBXFileReference; lastKnownFileType = image.png; path = 106.png; sourceTree = "<group>"; };
		3396944B1E78780500476EFC /* 19.png */ = {isa = PBXFileReference; lastKnownFileType = image.png; path = 19.png; sourceTree = "<group>"; };
		3396944C1E78780500476EFC /* 62.png */ = {isa = PBXFileReference; lastKnownFileType = image.png; path = 62.png; sourceTree = "<group>"; };
		3396944D1E78780500476EFC /* 101.png */ = {isa = PBXFileReference; lastKnownFileType = image.png; path = 101.png; sourceTree = "<group>"; };
		3396944E1E78780500476EFC /* 5.png */ = {isa = PBXFileReference; lastKnownFileType = image.png; path = 5.png; sourceTree = "<group>"; };
		3396944F1E78780500476EFC /* 157.png */ = {isa = PBXFileReference; lastKnownFileType = image.png; path = 157.png; sourceTree = "<group>"; };
		339694501E78780500476EFC /* 83.png */ = {isa = PBXFileReference; lastKnownFileType = image.png; path = 83.png; sourceTree = "<group>"; };
		339694511E78780500476EFC /* 154.png */ = {isa = PBXFileReference; lastKnownFileType = image.png; path = 154.png; sourceTree = "<group>"; };
		339694521E78780500476EFC /* 238.png */ = {isa = PBXFileReference; lastKnownFileType = image.png; path = 238.png; sourceTree = "<group>"; };
		339694531E78780500476EFC /* 115.png */ = {isa = PBXFileReference; lastKnownFileType = image.png; path = 115.png; sourceTree = "<group>"; };
		339694541E78780500476EFC /* 26.png */ = {isa = PBXFileReference; lastKnownFileType = image.png; path = 26.png; sourceTree = "<group>"; };
		339694551E78780500476EFC /* 143.png */ = {isa = PBXFileReference; lastKnownFileType = image.png; path = 143.png; sourceTree = "<group>"; };
		339A975D1E8EC2F8007A5236 /* imagedata.png */ = {isa = PBXFileReference; lastKnownFileType = image.png; path = imagedata.png; sourceTree = "<group>"; };
		339A975F1E8EC6F8007A5236 /* celda.png */ = {isa = PBXFileReference; lastKnownFileType = image.png; path = celda.png; sourceTree = "<group>"; };
/* End PBXFileReference section */

/* Begin PBXFrameworksBuildPhase section */
		330881AF1E68913400D1E19C /* Frameworks */ = {
			isa = PBXFrameworksBuildPhase;
			buildActionMask = 2147483647;
			files = (
			);
			runOnlyForDeploymentPostprocessing = 0;
		};
		330881C61E68913400D1E19C /* Frameworks */ = {
			isa = PBXFrameworksBuildPhase;
			buildActionMask = 2147483647;
			files = (
			);
			runOnlyForDeploymentPostprocessing = 0;
		};
		330881D11E68913400D1E19C /* Frameworks */ = {
			isa = PBXFrameworksBuildPhase;
			buildActionMask = 2147483647;
			files = (
			);
			runOnlyForDeploymentPostprocessing = 0;
		};
/* End PBXFrameworksBuildPhase section */

/* Begin PBXGroup section */
		330881A91E68913400D1E19C = {
			isa = PBXGroup;
			children = (
				330881B41E68913400D1E19C /* LeagueOfStats */,
				330881CC1E68913400D1E19C /* LeagueOfStatsTests */,
				330881D71E68913400D1E19C /* LeagueOfStatsUITests */,
				330881B31E68913400D1E19C /* Products */,
			);
			sourceTree = "<group>";
		};
		330881B31E68913400D1E19C /* Products */ = {
			isa = PBXGroup;
			children = (
				330881B21E68913400D1E19C /* LeagueOfStats.app */,
				330881C91E68913400D1E19C /* LeagueOfStatsTests.xctest */,
				330881D41E68913400D1E19C /* LeagueOfStatsUITests.xctest */,
			);
			name = Products;
			sourceTree = "<group>";
		};
		330881B41E68913400D1E19C /* LeagueOfStats */ = {
			isa = PBXGroup;
			children = (
				339693CF1E78740B00476EFC /* Images */,
				330881B51E68913400D1E19C /* AppDelegate.swift */,
				330881B71E68913400D1E19C /* ViewController.swift */,
				330881B91E68913400D1E19C /* Main.storyboard */,
				330881E61E6891D200D1E19C /* signup_logo2_clean.png */,
				330881BF1E68913400D1E19C /* Assets.xcassets */,
				330881C11E68913400D1E19C /* LaunchScreen.storyboard */,
				330881C41E68913400D1E19C /* Info.plist */,
				330881BC1E68913400D1E19C /* LeagueOfStats.xcdatamodeld */,
				3361C9821E6F3D9E00445149 /* TableViewController.swift */,
				3361C9841E6F3DD400445149 /* InfoPartida.swift */,
				3361C9861E6F40D500445149 /* Partida.swift */,
				331A1AAF1E844D57007D8170 /* TableViewCell.swift */,
				331C93EF1E845888005FAA25 /* Personaje.swift */,
			);
			path = LeagueOfStats;
			sourceTree = "<group>";
		};
		330881CC1E68913400D1E19C /* LeagueOfStatsTests */ = {
			isa = PBXGroup;
			children = (
				330881CD1E68913400D1E19C /* LeagueOfStatsTests.swift */,
				330881CF1E68913400D1E19C /* Info.plist */,
			);
			path = LeagueOfStatsTests;
			sourceTree = "<group>";
		};
		330881D71E68913400D1E19C /* LeagueOfStatsUITests */ = {
			isa = PBXGroup;
			children = (
				330881D81E68913400D1E19C /* LeagueOfStatsUITests.swift */,
				330881DA1E68913400D1E19C /* Info.plist */,
			);
			path = LeagueOfStatsUITests;
			sourceTree = "<group>";
		};
		339693CF1E78740B00476EFC /* Images */ = {
			isa = PBXGroup;
			children = (
				339A975F1E8EC6F8007A5236 /* celda.png */,
				339A975D1E8EC2F8007A5236 /* imagedata.png */,
				339693D01E78780500476EFC /* 266.png */,
				339693D11E78780500476EFC /* 103.png */,
				339693D21E78780500476EFC /* 84.png */,
				339693D31E78780500476EFC /* 12.png */,
				339693D41E78780500476EFC /* 32.png */,
				339693D51E78780500476EFC /* 34.png */,
				339693D61E78780500476EFC /* 1.png */,
				339693D71E78780500476EFC /* 22.png */,
				339693D81E78780500476EFC /* 136.png */,
				339693D91E78780500476EFC /* 268.png */,
				339693DA1E78780500476EFC /* 432.png */,
				339693DB1E78780500476EFC /* 53.png */,
				339693DC1E78780500476EFC /* 63.png */,
				339693DD1E78780500476EFC /* 201.png */,
				339693DE1E78780500476EFC /* 51.png */,
				339693DF1E78780500476EFC /* 164.png */,
				339693E01E78780500476EFC /* 69.png */,
				339693E11E78780500476EFC /* 31.png */,
				339693E21E78780500476EFC /* 42.png */,
				339693E31E78780500476EFC /* 122.png */,
				339693E41E78780500476EFC /* 131.png */,
				339693E51E78780500476EFC /* 119.png */,
				339693E61E78780500476EFC /* 36.png */,
				339693E71E78780500476EFC /* 245.png */,
				339693E81E78780500476EFC /* 60.png */,
				339693E91E78780500476EFC /* 28.png */,
				339693EA1E78780500476EFC /* 81.png */,
				339693EB1E78780500476EFC /* 9.png */,
				339693EC1E78780500476EFC /* 114.png */,
				339693ED1E78780500476EFC /* 105.png */,
				339693EE1E78780500476EFC /* 3.png */,
				339693EF1E78780500476EFC /* 41.png */,
				339693F01E78780500476EFC /* 86.png */,
				339693F11E78780500476EFC /* 150.png */,
				339693F21E78780500476EFC /* 79.png */,
				339693F31E78780500476EFC /* 104.png */,
				339693F41E78780500476EFC /* 120.png */,
				339693F51E78780500476EFC /* 74.png */,
				339693F61E78780500476EFC /* 420.png */,
				339693F71E78780500476EFC /* 39.png */,
				339693F81E78780500476EFC /* 427.png */,
				339693F91E78780500476EFC /* 40.png */,
				339693FA1E78780500476EFC /* 59.png */,
				339693FB1E78780500476EFC /* 24.png */,
				339693FC1E78780500476EFC /* 126.png */,
				339693FD1E78780500476EFC /* 202.png */,
				339693FE1E78780500476EFC /* 222.png */,
				339693FF1E78780500476EFC /* 429.png */,
				339694001E78780500476EFC /* 43.png */,
				339694011E78780500476EFC /* 30.png */,
				339694021E78780500476EFC /* 38.png */,
				339694031E78780500476EFC /* 55.png */,
				339694041E78780500476EFC /* 10.png */,
				339694051E78780500476EFC /* 85.png */,
				339694061E78780500476EFC /* 121.png */,
				339694071E78780500476EFC /* 203.png */,
				339694081E78780500476EFC /* 240.png */,
				339694091E78780500476EFC /* 96.png */,
				3396940A1E78780500476EFC /* 7.png */,
				3396940B1E78780500476EFC /* 64.png */,
				3396940C1E78780500476EFC /* 89.png */,
				3396940D1E78780500476EFC /* 127.png */,
				3396940E1E78780500476EFC /* 236.png */,
				3396940F1E78780500476EFC /* 117.png */,
				339694101E78780500476EFC /* 99.png */,
				339694111E78780500476EFC /* 54.png */,
				339694121E78780500476EFC /* 90.png */,
				339694131E78780500476EFC /* 57.png */,
				339694141E78780500476EFC /* 11.png */,
				339694151E78780500476EFC /* 21.png */,
				339694161E78780500476EFC /* 82.png */,
				339694171E78780500476EFC /* 25.png */,
				339694181E78780500476EFC /* 267.png */,
				339694191E78780500476EFC /* 75.png */,
				3396941A1E78780500476EFC /* 111.png */,
				3396941B1E78780500476EFC /* 76.png */,
				3396941C1E78780500476EFC /* 56.png */,
				3396941D1E78780500476EFC /* 20.png */,
				3396941E1E78780500476EFC /* 2.png */,
				3396941F1E78780500476EFC /* 61.png */,
				339694201E78780500476EFC /* 80.png */,
				339694211E78780500476EFC /* 78.png */,
				339694221E78780500476EFC /* 133.png */,
				339694231E78780500476EFC /* 33.png */,
				339694241E78780500476EFC /* 421.png */,
				339694251E78780500476EFC /* 58.png */,
				339694261E78780500476EFC /* 107.png */,
				339694271E78780500476EFC /* 92.png */,
				339694281E78780500476EFC /* 68.png */,
				339694291E78780500476EFC /* 13.png */,
				3396942A1E78780500476EFC /* 113.png */,
				3396942B1E78780500476EFC /* 35.png */,
				3396942C1E78780500476EFC /* 98.png */,
				3396942D1E78780500476EFC /* 102.png */,
				3396942E1E78780500476EFC /* 27.png */,
				3396942F1E78780500476EFC /* 14.png */,
				339694301E78780500476EFC /* 15.png */,
				339694311E78780500476EFC /* 72.png */,
				339694321E78780500476EFC /* 37.png */,
				339694331E78780500476EFC /* 16.png */,
				339694341E78780500476EFC /* 50.png */,
				339694351E78780500476EFC /* 134.png */,
				339694361E78780500476EFC /* 223.png */,
				339694371E78780500476EFC /* 163.png */,
				339694381E78780500476EFC /* 91.png */,
				339694391E78780500476EFC /* 44.png */,
				3396943A1E78780500476EFC /* 17.png */,
				3396943B1E78780500476EFC /* 412.png */,
				3396943C1E78780500476EFC /* 18.png */,
				3396943D1E78780500476EFC /* 48.png */,
				3396943E1E78780500476EFC /* 23.png */,
				3396943F1E78780500476EFC /* 4.png */,
				339694401E78780500476EFC /* 29.png */,
				339694411E78780500476EFC /* 77.png */,
				339694421E78780500476EFC /* 6.png */,
				339694431E78780500476EFC /* 110.png */,
				339694441E78780500476EFC /* 67.png */,
				339694451E78780500476EFC /* 45.png */,
				339694461E78780500476EFC /* 161.png */,
				339694471E78780500476EFC /* 254.png */,
				339694481E78780500476EFC /* 112.png */,
				339694491E78780500476EFC /* 8.png */,
				3396944A1E78780500476EFC /* 106.png */,
				3396944B1E78780500476EFC /* 19.png */,
				3396944C1E78780500476EFC /* 62.png */,
				3396944D1E78780500476EFC /* 101.png */,
				3396944E1E78780500476EFC /* 5.png */,
				3396944F1E78780500476EFC /* 157.png */,
				339694501E78780500476EFC /* 83.png */,
				339694511E78780500476EFC /* 154.png */,
				339694521E78780500476EFC /* 238.png */,
				339694531E78780500476EFC /* 115.png */,
				339694541E78780500476EFC /* 26.png */,
				339694551E78780500476EFC /* 143.png */,
			);
			name = Images;
			sourceTree = "<group>";
		};
/* End PBXGroup section */

/* Begin PBXNativeTarget section */
		330881B11E68913400D1E19C /* LeagueOfStats */ = {
			isa = PBXNativeTarget;
			buildConfigurationList = 330881DD1E68913400D1E19C /* Build configuration list for PBXNativeTarget "LeagueOfStats" */;
			buildPhases = (
				330881AE1E68913400D1E19C /* Sources */,
				330881AF1E68913400D1E19C /* Frameworks */,
				330881B01E68913400D1E19C /* Resources */,
			);
			buildRules = (
			);
			dependencies = (
			);
			name = LeagueOfStats;
			productName = LeagueOfStats;
			productReference = 330881B21E68913400D1E19C /* LeagueOfStats.app */;
			productType = "com.apple.product-type.application";
		};
		330881C81E68913400D1E19C /* LeagueOfStatsTests */ = {
			isa = PBXNativeTarget;
			buildConfigurationList = 330881E01E68913400D1E19C /* Build configuration list for PBXNativeTarget "LeagueOfStatsTests" */;
			buildPhases = (
				330881C51E68913400D1E19C /* Sources */,
				330881C61E68913400D1E19C /* Frameworks */,
				330881C71E68913400D1E19C /* Resources */,
			);
			buildRules = (
			);
			dependencies = (
				330881CB1E68913400D1E19C /* PBXTargetDependency */,
			);
			name = LeagueOfStatsTests;
			productName = LeagueOfStatsTests;
			productReference = 330881C91E68913400D1E19C /* LeagueOfStatsTests.xctest */;
			productType = "com.apple.product-type.bundle.unit-test";
		};
		330881D31E68913400D1E19C /* LeagueOfStatsUITests */ = {
			isa = PBXNativeTarget;
			buildConfigurationList = 330881E31E68913400D1E19C /* Build configuration list for PBXNativeTarget "LeagueOfStatsUITests" */;
			buildPhases = (
				330881D01E68913400D1E19C /* Sources */,
				330881D11E68913400D1E19C /* Frameworks */,
				330881D21E68913400D1E19C /* Resources */,
			);
			buildRules = (
			);
			dependencies = (
				330881D61E68913400D1E19C /* PBXTargetDependency */,
			);
			name = LeagueOfStatsUITests;
			productName = LeagueOfStatsUITests;
			productReference = 330881D41E68913400D1E19C /* LeagueOfStatsUITests.xctest */;
			productType = "com.apple.product-type.bundle.ui-testing";
		};
/* End PBXNativeTarget section */

/* Begin PBXProject section */
		330881AA1E68913400D1E19C /* Project object */ = {
			isa = PBXProject;
			attributes = {
				LastSwiftUpdateCheck = 0800;
				LastUpgradeCheck = 0800;
				ORGANIZATIONNAME = Sheila;
				TargetAttributes = {
					330881B11E68913400D1E19C = {
						CreatedOnToolsVersion = 8.0;
						ProvisioningStyle = Automatic;
					};
					330881C81E68913400D1E19C = {
						CreatedOnToolsVersion = 8.0;
						ProvisioningStyle = Automatic;
						TestTargetID = 330881B11E68913400D1E19C;
					};
					330881D31E68913400D1E19C = {
						CreatedOnToolsVersion = 8.0;
						ProvisioningStyle = Automatic;
						TestTargetID = 330881B11E68913400D1E19C;
					};
				};
			};
			buildConfigurationList = 330881AD1E68913400D1E19C /* Build configuration list for PBXProject "LeagueOfStats" */;
			compatibilityVersion = "Xcode 3.2";
			developmentRegion = English;
			hasScannedForEncodings = 0;
			knownRegions = (
				en,
				Base,
			);
			mainGroup = 330881A91E68913400D1E19C;
			productRefGroup = 330881B31E68913400D1E19C /* Products */;
			projectDirPath = "";
			projectRoot = "";
			targets = (
				330881B11E68913400D1E19C /* LeagueOfStats */,
				330881C81E68913400D1E19C /* LeagueOfStatsTests */,
				330881D31E68913400D1E19C /* LeagueOfStatsUITests */,
			);
		};
/* End PBXProject section */

/* Begin PBXResourcesBuildPhase section */
		330881B01E68913400D1E19C /* Resources */ = {
			isa = PBXResourcesBuildPhase;
			buildActionMask = 2147483647;
			files = (
				339694A61E78780500476EFC /* 80.png in Resources */,
				339694D51E78780500476EFC /* 157.png in Resources */,
				339694761E78780500476EFC /* 86.png in Resources */,
				339694C41E78780500476EFC /* 23.png in Resources */,
				339694A91E78780500476EFC /* 33.png in Resources */,
				339694731E78780500476EFC /* 105.png in Resources */,
				339694A51E78780500476EFC /* 61.png in Resources */,
				339694891E78780500476EFC /* 55.png in Resources */,
				339694971E78780500476EFC /* 54.png in Resources */,
				339694C21E78780500476EFC /* 18.png in Resources */,
				339694CA1E78780500476EFC /* 67.png in Resources */,
				3396945D1E78780500476EFC /* 22.png in Resources */,
				339694721E78780500476EFC /* 114.png in Resources */,
				3396945A1E78780500476EFC /* 32.png in Resources */,
				339694991E78780500476EFC /* 57.png in Resources */,
				330881C31E68913400D1E19C /* LaunchScreen.storyboard in Resources */,
				339694931E78780500476EFC /* 127.png in Resources */,
				330881C01E68913400D1E19C /* Assets.xcassets in Resources */,
				3396945E1E78780500476EFC /* 136.png in Resources */,
				339694871E78780500476EFC /* 30.png in Resources */,
				339694D71E78780500476EFC /* 154.png in Resources */,
				339A97601E8EC6F8007A5236 /* celda.png in Resources */,
				339694921E78780500476EFC /* 89.png in Resources */,
				3396946F1E78780500476EFC /* 28.png in Resources */,
				339694BB1E78780500476EFC /* 134.png in Resources */,
				339694D01E78780500476EFC /* 106.png in Resources */,
				3396948D1E78780500476EFC /* 203.png in Resources */,
				339694C51E78780500476EFC /* 4.png in Resources */,
				339694941E78780500476EFC /* 236.png in Resources */,
				339694741E78780500476EFC /* 3.png in Resources */,
				339694611E78780500476EFC /* 53.png in Resources */,
				339694B61E78780500476EFC /* 15.png in Resources */,
				339694A31E78780500476EFC /* 20.png in Resources */,
				339694AE1E78780500476EFC /* 68.png in Resources */,
				339694A71E78780500476EFC /* 78.png in Resources */,
				339694B71E78780500476EFC /* 72.png in Resources */,
				3396949E1E78780500476EFC /* 267.png in Resources */,
				3396949D1E78780500476EFC /* 25.png in Resources */,
				339694861E78780500476EFC /* 43.png in Resources */,
				339694561E78780500476EFC /* 266.png in Resources */,
				339694831E78780500476EFC /* 202.png in Resources */,
				3396949C1E78780500476EFC /* 82.png in Resources */,
				3396945C1E78780500476EFC /* 1.png in Resources */,
				3396945F1E78780500476EFC /* 268.png in Resources */,
				3396948F1E78780500476EFC /* 96.png in Resources */,
				339694651E78780500476EFC /* 164.png in Resources */,
				339694A81E78780500476EFC /* 133.png in Resources */,
				3396946A1E78780500476EFC /* 131.png in Resources */,
				3396948C1E78780500476EFC /* 121.png in Resources */,
				339694D91E78780500476EFC /* 115.png in Resources */,
				3396947F1E78780500476EFC /* 40.png in Resources */,
				3396949B1E78780500476EFC /* 21.png in Resources */,
				339694B81E78780500476EFC /* 37.png in Resources */,
				339694D61E78780500476EFC /* 83.png in Resources */,
				339694631E78780500476EFC /* 201.png in Resources */,
				339694C31E78780500476EFC /* 48.png in Resources */,
				339694BF1E78780500476EFC /* 44.png in Resources */,
				339694571E78780500476EFC /* 103.png in Resources */,
				3396946B1E78780500476EFC /* 119.png in Resources */,
				339694961E78780500476EFC /* 99.png in Resources */,
				339694A41E78780500476EFC /* 2.png in Resources */,
				339694781E78780500476EFC /* 79.png in Resources */,
				339694BD1E78780500476EFC /* 163.png in Resources */,
				3396945B1E78780500476EFC /* 34.png in Resources */,
				339694AC1E78780500476EFC /* 107.png in Resources */,
				339694851E78780500476EFC /* 429.png in Resources */,
				339694691E78780500476EFC /* 122.png in Resources */,
				339694B31E78780500476EFC /* 102.png in Resources */,
				339694D21E78780500476EFC /* 62.png in Resources */,
				339694621E78780500476EFC /* 63.png in Resources */,
				3396946D1E78780500476EFC /* 245.png in Resources */,
				339694701E78780500476EFC /* 81.png in Resources */,
				339694C61E78780500476EFC /* 29.png in Resources */,
				339694951E78780500476EFC /* 117.png in Resources */,
				339694841E78780500476EFC /* 222.png in Resources */,
				339694751E78780500476EFC /* 41.png in Resources */,
				339694641E78780500476EFC /* 51.png in Resources */,
				339694BC1E78780500476EFC /* 223.png in Resources */,
				339694AD1E78780500476EFC /* 92.png in Resources */,
				339694C01E78780500476EFC /* 17.png in Resources */,
				330881BB1E68913400D1E19C /* Main.storyboard in Resources */,
				339694681E78780500476EFC /* 42.png in Resources */,
				339694CC1E78780500476EFC /* 161.png in Resources */,
				339694821E78780500476EFC /* 126.png in Resources */,
				339694791E78780500476EFC /* 104.png in Resources */,
				3396946E1E78780500476EFC /* 60.png in Resources */,
				339694D81E78780500476EFC /* 238.png in Resources */,
				339694C91E78780500476EFC /* 110.png in Resources */,
				339694981E78780500476EFC /* 90.png in Resources */,
				339694901E78780500476EFC /* 7.png in Resources */,
				3396947D1E78780500476EFC /* 39.png in Resources */,
				339694CF1E78780500476EFC /* 8.png in Resources */,
				3396948B1E78780500476EFC /* 85.png in Resources */,
				339694D11E78780500476EFC /* 19.png in Resources */,
				339694DB1E78780500476EFC /* 143.png in Resources */,
				3396947C1E78780500476EFC /* 420.png in Resources */,
				3396947E1E78780500476EFC /* 427.png in Resources */,
				339694771E78780500476EFC /* 150.png in Resources */,
				339694AB1E78780500476EFC /* 58.png in Resources */,
				339694C71E78780500476EFC /* 77.png in Resources */,
				3396947A1E78780500476EFC /* 120.png in Resources */,
				339694671E78780500476EFC /* 31.png in Resources */,
				3396949F1E78780500476EFC /* 75.png in Resources */,
				339694B11E78780500476EFC /* 35.png in Resources */,
				339694881E78780500476EFC /* 38.png in Resources */,
				339694AA1E78780500476EFC /* 421.png in Resources */,
				339694A11E78780500476EFC /* 76.png in Resources */,
				3396947B1E78780500476EFC /* 74.png in Resources */,
				339694A01E78780500476EFC /* 111.png in Resources */,
				339694D41E78780500476EFC /* 5.png in Resources */,
				330881E71E6891D200D1E19C /* signup_logo2_clean.png in Resources */,
				339694B41E78780500476EFC /* 27.png in Resources */,
				339A975E1E8EC2F8007A5236 /* imagedata.png in Resources */,
				339694C11E78780500476EFC /* 412.png in Resources */,
				339694BA1E78780500476EFC /* 50.png in Resources */,
				339694B91E78780500476EFC /* 16.png in Resources */,
				339694DA1E78780500476EFC /* 26.png in Resources */,
				3396946C1E78780500476EFC /* 36.png in Resources */,
				339694AF1E78780500476EFC /* 13.png in Resources */,
				3396948E1E78780500476EFC /* 240.png in Resources */,
				339694CE1E78780500476EFC /* 112.png in Resources */,
				339694CB1E78780500476EFC /* 45.png in Resources */,
				3396949A1E78780500476EFC /* 11.png in Resources */,
				339694601E78780500476EFC /* 432.png in Resources */,
				339694711E78780500476EFC /* 9.png in Resources */,
				339694C81E78780500476EFC /* 6.png in Resources */,
				339694B01E78780500476EFC /* 113.png in Resources */,
				339694801E78780500476EFC /* 59.png in Resources */,
				339694661E78780500476EFC /* 69.png in Resources */,
				339694B51E78780500476EFC /* 14.png in Resources */,
				3396948A1E78780500476EFC /* 10.png in Resources */,
				339694D31E78780500476EFC /* 101.png in Resources */,
				339694CD1E78780500476EFC /* 254.png in Resources */,
				339694BE1E78780500476EFC /* 91.png in Resources */,
				339694811E78780500476EFC /* 24.png in Resources */,
				339694A21E78780500476EFC /* 56.png in Resources */,
				339694911E78780500476EFC /* 64.png in Resources */,
				339694591E78780500476EFC /* 12.png in Resources */,
				339694581E78780500476EFC /* 84.png in Resources */,
				339694B21E78780500476EFC /* 98.png in Resources */,
			);
			runOnlyForDeploymentPostprocessing = 0;
		};
		330881C71E68913400D1E19C /* Resources */ = {
			isa = PBXResourcesBuildPhase;
			buildActionMask = 2147483647;
			files = (
			);
			runOnlyForDeploymentPostprocessing = 0;
		};
		330881D21E68913400D1E19C /* Resources */ = {
			isa = PBXResourcesBuildPhase;
			buildActionMask = 2147483647;
			files = (
			);
			runOnlyForDeploymentPostprocessing = 0;
		};
/* End PBXResourcesBuildPhase section */

/* Begin PBXSourcesBuildPhase section */
		330881AE1E68913400D1E19C /* Sources */ = {
			isa = PBXSourcesBuildPhase;
			buildActionMask = 2147483647;
			files = (
				330881B81E68913400D1E19C /* ViewController.swift in Sources */,
				331C93F01E845888005FAA25 /* Personaje.swift in Sources */,
				3361C9851E6F3DD400445149 /* InfoPartida.swift in Sources */,
				330881B61E68913400D1E19C /* AppDelegate.swift in Sources */,
				330881BE1E68913400D1E19C /* LeagueOfStats.xcdatamodeld in Sources */,
				3361C9831E6F3D9E00445149 /* TableViewController.swift in Sources */,
				331A1AB01E844D57007D8170 /* TableViewCell.swift in Sources */,
				3361C9871E6F40D500445149 /* Partida.swift in Sources */,
			);
			runOnlyForDeploymentPostprocessing = 0;
		};
		330881C51E68913400D1E19C /* Sources */ = {
			isa = PBXSourcesBuildPhase;
			buildActionMask = 2147483647;
			files = (
				330881CE1E68913400D1E19C /* LeagueOfStatsTests.swift in Sources */,
			);
			runOnlyForDeploymentPostprocessing = 0;
		};
		330881D01E68913400D1E19C /* Sources */ = {
			isa = PBXSourcesBuildPhase;
			buildActionMask = 2147483647;
			files = (
				330881D91E68913400D1E19C /* LeagueOfStatsUITests.swift in Sources */,
			);
			runOnlyForDeploymentPostprocessing = 0;
		};
/* End PBXSourcesBuildPhase section */

/* Begin PBXTargetDependency section */
		330881CB1E68913400D1E19C /* PBXTargetDependency */ = {
			isa = PBXTargetDependency;
			target = 330881B11E68913400D1E19C /* LeagueOfStats */;
			targetProxy = 330881CA1E68913400D1E19C /* PBXContainerItemProxy */;
		};
		330881D61E68913400D1E19C /* PBXTargetDependency */ = {
			isa = PBXTargetDependency;
			target = 330881B11E68913400D1E19C /* LeagueOfStats */;
			targetProxy = 330881D51E68913400D1E19C /* PBXContainerItemProxy */;
		};
/* End PBXTargetDependency section */

/* Begin PBXVariantGroup section */
		330881B91E68913400D1E19C /* Main.storyboard */ = {
			isa = PBXVariantGroup;
			children = (
				330881BA1E68913400D1E19C /* Base */,
			);
			name = Main.storyboard;
			sourceTree = "<group>";
		};
		330881C11E68913400D1E19C /* LaunchScreen.storyboard */ = {
			isa = PBXVariantGroup;
			children = (
				330881C21E68913400D1E19C /* Base */,
			);
			name = LaunchScreen.storyboard;
			sourceTree = "<group>";
		};
/* End PBXVariantGroup section */

/* Begin XCBuildConfiguration section */
		330881DB1E68913400D1E19C /* Debug */ = {
			isa = XCBuildConfiguration;
			buildSettings = {
				ALWAYS_SEARCH_USER_PATHS = NO;
				CLANG_ANALYZER_NONNULL = YES;
				CLANG_CXX_LANGUAGE_STANDARD = "gnu++0x";
				CLANG_CXX_LIBRARY = "libc++";
				CLANG_ENABLE_MODULES = YES;
				CLANG_ENABLE_OBJC_ARC = YES;
				CLANG_WARN_BOOL_CONVERSION = YES;
				CLANG_WARN_CONSTANT_CONVERSION = YES;
				CLANG_WARN_DIRECT_OBJC_ISA_USAGE = YES_ERROR;
				CLANG_WARN_DOCUMENTATION_COMMENTS = YES;
				CLANG_WARN_EMPTY_BODY = YES;
				CLANG_WARN_ENUM_CONVERSION = YES;
				CLANG_WARN_INFINITE_RECURSION = YES;
				CLANG_WARN_INT_CONVERSION = YES;
				CLANG_WARN_OBJC_ROOT_CLASS = YES_ERROR;
				CLANG_WARN_SUSPICIOUS_MOVES = YES;
				CLANG_WARN_UNREACHABLE_CODE = YES;
				CLANG_WARN__DUPLICATE_METHOD_MATCH = YES;
				"CODE_SIGN_IDENTITY[sdk=iphoneos*]" = "iPhone Developer";
				COPY_PHASE_STRIP = NO;
				DEBUG_INFORMATION_FORMAT = dwarf;
				ENABLE_STRICT_OBJC_MSGSEND = YES;
				ENABLE_TESTABILITY = YES;
				GCC_C_LANGUAGE_STANDARD = gnu99;
				GCC_DYNAMIC_NO_PIC = NO;
				GCC_NO_COMMON_BLOCKS = YES;
				GCC_OPTIMIZATION_LEVEL = 0;
				GCC_PREPROCESSOR_DEFINITIONS = (
					"DEBUG=1",
					"$(inherited)",
				);
				GCC_WARN_64_TO_32_BIT_CONVERSION = YES;
				GCC_WARN_ABOUT_RETURN_TYPE = YES_ERROR;
				GCC_WARN_UNDECLARED_SELECTOR = YES;
				GCC_WARN_UNINITIALIZED_AUTOS = YES_AGGRESSIVE;
				GCC_WARN_UNUSED_FUNCTION = YES;
				GCC_WARN_UNUSED_VARIABLE = YES;
				IPHONEOS_DEPLOYMENT_TARGET = 10.0;
				MTL_ENABLE_DEBUG_INFO = YES;
				ONLY_ACTIVE_ARCH = YES;
				SDKROOT = iphoneos;
				SWIFT_ACTIVE_COMPILATION_CONDITIONS = DEBUG;
				SWIFT_OPTIMIZATION_LEVEL = "-Onone";
				TARGETED_DEVICE_FAMILY = "1,2";
			};
			name = Debug;
		};
		330881DC1E68913400D1E19C /* Release */ = {
			isa = XCBuildConfiguration;
			buildSettings = {
				ALWAYS_SEARCH_USER_PATHS = NO;
				CLANG_ANALYZER_NONNULL = YES;
				CLANG_CXX_LANGUAGE_STANDARD = "gnu++0x";
				CLANG_CXX_LIBRARY = "libc++";
				CLANG_ENABLE_MODULES = YES;
				CLANG_ENABLE_OBJC_ARC = YES;
				CLANG_WARN_BOOL_CONVERSION = YES;
				CLANG_WARN_CONSTANT_CONVERSION = YES;
				CLANG_WARN_DIRECT_OBJC_ISA_USAGE = YES_ERROR;
				CLANG_WARN_DOCUMENTATION_COMMENTS = YES;
				CLANG_WARN_EMPTY_BODY = YES;
				CLANG_WARN_ENUM_CONVERSION = YES;
				CLANG_WARN_INFINITE_RECURSION = YES;
				CLANG_WARN_INT_CONVERSION = YES;
				CLANG_WARN_OBJC_ROOT_CLASS = YES_ERROR;
				CLANG_WARN_SUSPICIOUS_MOVES = YES;
				CLANG_WARN_UNREACHABLE_CODE = YES;
				CLANG_WARN__DUPLICATE_METHOD_MATCH = YES;
				"CODE_SIGN_IDENTITY[sdk=iphoneos*]" = "iPhone Developer";
				COPY_PHASE_STRIP = NO;
				DEBUG_INFORMATION_FORMAT = "dwarf-with-dsym";
				ENABLE_NS_ASSERTIONS = NO;
				ENABLE_STRICT_OBJC_MSGSEND = YES;
				GCC_C_LANGUAGE_STANDARD = gnu99;
				GCC_NO_COMMON_BLOCKS = YES;
				GCC_WARN_64_TO_32_BIT_CONVERSION = YES;
				GCC_WARN_ABOUT_RETURN_TYPE = YES_ERROR;
				GCC_WARN_UNDECLARED_SELECTOR = YES;
				GCC_WARN_UNINITIALIZED_AUTOS = YES_AGGRESSIVE;
				GCC_WARN_UNUSED_FUNCTION = YES;
				GCC_WARN_UNUSED_VARIABLE = YES;
				IPHONEOS_DEPLOYMENT_TARGET = 10.0;
				MTL_ENABLE_DEBUG_INFO = NO;
				SDKROOT = iphoneos;
				SWIFT_OPTIMIZATION_LEVEL = "-Owholemodule";
				TARGETED_DEVICE_FAMILY = "1,2";
				VALIDATE_PRODUCT = YES;
			};
			name = Release;
		};
		330881DE1E68913400D1E19C /* Debug */ = {
			isa = XCBuildConfiguration;
			buildSettings = {
				ASSETCATALOG_COMPILER_APPICON_NAME = AppIcon;
				INFOPLIST_FILE = LeagueOfStats/Info.plist;
				LD_RUNPATH_SEARCH_PATHS = "$(inherited) @executable_path/Frameworks";
				PRODUCT_BUNDLE_IDENTIFIER = Sheila.LeagueOfStats;
				PRODUCT_NAME = "$(TARGET_NAME)";
				SWIFT_VERSION = 3.0;
			};
			name = Debug;
		};
		330881DF1E68913400D1E19C /* Release */ = {
			isa = XCBuildConfiguration;
			buildSettings = {
				ASSETCATALOG_COMPILER_APPICON_NAME = AppIcon;
				INFOPLIST_FILE = LeagueOfStats/Info.plist;
				LD_RUNPATH_SEARCH_PATHS = "$(inherited) @executable_path/Frameworks";
				PRODUCT_BUNDLE_IDENTIFIER = Sheila.LeagueOfStats;
				PRODUCT_NAME = "$(TARGET_NAME)";
				SWIFT_VERSION = 3.0;
			};
			name = Release;
		};
		330881E11E68913400D1E19C /* Debug */ = {
			isa = XCBuildConfiguration;
			buildSettings = {
				ALWAYS_EMBED_SWIFT_STANDARD_LIBRARIES = YES;
				BUNDLE_LOADER = "$(TEST_HOST)";
				INFOPLIST_FILE = LeagueOfStatsTests/Info.plist;
				LD_RUNPATH_SEARCH_PATHS = "$(inherited) @executable_path/Frameworks @loader_path/Frameworks";
				PRODUCT_BUNDLE_IDENTIFIER = Sheila.LeagueOfStatsTests;
				PRODUCT_NAME = "$(TARGET_NAME)";
				SWIFT_VERSION = 3.0;
				TEST_HOST = "$(BUILT_PRODUCTS_DIR)/LeagueOfStats.app/LeagueOfStats";
			};
			name = Debug;
		};
		330881E21E68913400D1E19C /* Release */ = {
			isa = XCBuildConfiguration;
			buildSettings = {
				ALWAYS_EMBED_SWIFT_STANDARD_LIBRARIES = YES;
				BUNDLE_LOADER = "$(TEST_HOST)";
				INFOPLIST_FILE = LeagueOfStatsTests/Info.plist;
				LD_RUNPATH_SEARCH_PATHS = "$(inherited) @executable_path/Frameworks @loader_path/Frameworks";
				PRODUCT_BUNDLE_IDENTIFIER = Sheila.LeagueOfStatsTests;
				PRODUCT_NAME = "$(TARGET_NAME)";
				SWIFT_VERSION = 3.0;
				TEST_HOST = "$(BUILT_PRODUCTS_DIR)/LeagueOfStats.app/LeagueOfStats";
			};
			name = Release;
		};
		330881E41E68913400D1E19C /* Debug */ = {
			isa = XCBuildConfiguration;
			buildSettings = {
				ALWAYS_EMBED_SWIFT_STANDARD_LIBRARIES = YES;
				INFOPLIST_FILE = LeagueOfStatsUITests/Info.plist;
				LD_RUNPATH_SEARCH_PATHS = "$(inherited) @executable_path/Frameworks @loader_path/Frameworks";
				PRODUCT_BUNDLE_IDENTIFIER = Sheila.LeagueOfStatsUITests;
				PRODUCT_NAME = "$(TARGET_NAME)";
				SWIFT_VERSION = 3.0;
				TEST_TARGET_NAME = LeagueOfStats;
			};
			name = Debug;
		};
		330881E51E68913400D1E19C /* Release */ = {
			isa = XCBuildConfiguration;
			buildSettings = {
				ALWAYS_EMBED_SWIFT_STANDARD_LIBRARIES = YES;
				INFOPLIST_FILE = LeagueOfStatsUITests/Info.plist;
				LD_RUNPATH_SEARCH_PATHS = "$(inherited) @executable_path/Frameworks @loader_path/Frameworks";
				PRODUCT_BUNDLE_IDENTIFIER = Sheila.LeagueOfStatsUITests;
				PRODUCT_NAME = "$(TARGET_NAME)";
				SWIFT_VERSION = 3.0;
				TEST_TARGET_NAME = LeagueOfStats;
			};
			name = Release;
		};
/* End XCBuildConfiguration section */

/* Begin XCConfigurationList section */
		330881AD1E68913400D1E19C /* Build configuration list for PBXProject "LeagueOfStats" */ = {
			isa = XCConfigurationList;
			buildConfigurations = (
				330881DB1E68913400D1E19C /* Debug */,
				330881DC1E68913400D1E19C /* Release */,
			);
			defaultConfigurationIsVisible = 0;
			defaultConfigurationName = Release;
		};
		330881DD1E68913400D1E19C /* Build configuration list for PBXNativeTarget "LeagueOfStats" */ = {
			isa = XCConfigurationList;
			buildConfigurations = (
				330881DE1E68913400D1E19C /* Debug */,
				330881DF1E68913400D1E19C /* Release */,
			);
			defaultConfigurationIsVisible = 0;
			defaultConfigurationName = Release;
		};
		330881E01E68913400D1E19C /* Build configuration list for PBXNativeTarget "LeagueOfStatsTests" */ = {
			isa = XCConfigurationList;
			buildConfigurations = (
				330881E11E68913400D1E19C /* Debug */,
				330881E21E68913400D1E19C /* Release */,
			);
			defaultConfigurationIsVisible = 0;
			defaultConfigurationName = Release;
		};
		330881E31E68913400D1E19C /* Build configuration list for PBXNativeTarget "LeagueOfStatsUITests" */ = {
			isa = XCConfigurationList;
			buildConfigurations = (
				330881E41E68913400D1E19C /* Debug */,
				330881E51E68913400D1E19C /* Release */,
			);
			defaultConfigurationIsVisible = 0;
			defaultConfigurationName = Release;
		};
/* End XCConfigurationList section */

/* Begin XCVersionGroup section */
		330881BC1E68913400D1E19C /* LeagueOfStats.xcdatamodeld */ = {
			isa = XCVersionGroup;
			children = (
				330881BD1E68913400D1E19C /* LeagueOfStats.xcdatamodel */,
			);
			currentVersion = 330881BD1E68913400D1E19C /* LeagueOfStats.xcdatamodel */;
			path = LeagueOfStats.xcdatamodeld;
			sourceTree = "<group>";
			versionGroupType = wrapper.xcdatamodel;
		};
/* End XCVersionGroup section */
	};
	rootObject = 330881AA1E68913400D1E19C /* Project object */;
}
